
Microsoft Visual Studio Solution File, Format Version 12.00
# Visual Studio 15
VisualStudioVersion = 15.0.28307.779
MinimumVisualStudioVersion = 10.0.40219.1
Project("{FAE04EC0-301F-11D3-BF4B-00C04F79EFBC}") = "GitExampleOne", "GitExampleOne\GitExampleOne.csproj", "{F5E56277-33D0-429D-8FD7-0ED584523E82}"
EndProject
Global
	GlobalSection(SolutionConfigurationPlatforms) = preSolution
		Debug|Any CPU = Debug|Any CPU
		Release|Any CPU = Release|Any CPU
	EndGlobalSection
	GlobalSection(ProjectConfigurationPlatforms) = postSolution
		{F5E56277-33D0-429D-8FD7-0ED584523E82}.Debug|Any CPU.ActiveCfg = Debug|Any CPU
		{F5E56277-33D0-429D-8FD7-0ED584523E82}.Debug|Any CPU.Build.0 = Debug|Any CPU
		{F5E56277-33D0-429D-8FD7-0ED584523E82}.Release|Any CPU.ActiveCfg = Release|Any CPU
		{F5E56277-33D0-429D-8FD7-0ED584523E82}.Release|Any CPU.Build.0 = Release|Any CPU
	EndGlobalSection
	GlobalSection(SolutionProperties) = preSolution
		HideSolutionNode = FALSE
	EndGlobalSection
	GlobalSection(ExtensibilityGlobals) = postSolution
		SolutionGuid = {14D902D0-BF95-4680-B832-FF9681AC8AD1}
	EndGlobalSection
EndGlobal
